```json
{
  "name": "markdown-previewer",
  "version": "0.1.0",
  "lockfileVersion": 3,
  "requires": true,
  "packages": {
    "": {
      "name": "markdown-previewer",
      "version": "0.1.0",
      "dependencies": {
        "dompurify": "^3.0.6",
        "marked": "^12.0.0",
        "react": "^18.2.0",
        "react-dom": "^18.2.0",
        "react-scripts": "5.0.1"
      },
      "devDependencies": {
        "@testing-library/jest-dom": "^5.17.0",
        "@testing-library/react": "^13.4.0",
        "@testing-library/user-event": "^13.5.0",
        "eslint": "^8.56.0",
        "eslint-config-react-app": "^7.0.1",
        "prettier": "^3.2.5"
      }
    },
    "node_modules/@babel/code-frame": {
      "version": "7.23.5",
      "resolved": "https://registry.npmjs.org/@babel/code-frame/-/code-frame-7.23.5.tgz",
      "integrity": "sha512-xVgvqI70g+cNQJ+Cj0+Cj0+Cj0+Cj0+Cj0+Cj0+Cj0+Cj0+Cj0+Cj0+Cj0+Cj0+Cj0+Cj0+Cj0+Cj0+Cj0+Cj0+Cj0+Cj0+Cj0+Cj0+Cj0+Cj0+Cj0+Cj0+Cj0+Cj0+Cj0+Cj0+Cj0+Cj0+Cj0+Cj0+Cj0+Cj0+Cj0+Cj0+Cj0+Cj0+Cj0+Cj0+Cj0+Cj0+Cj0+Cj0+Cj0+Cj0+Cj0+Cj0+Cj0+Cj0+Cj0+Cj0+Cj0+Cj0+Cj0+Cj0+Cj0+Cj0+Cj0+Cj0+Cj0+Cj0+Cj0+Cj0+Cj0+Cj0+Cj0+Cj0+Cj0+Cj0+Cj0+Cj0+Cj0+Cj0+Cj0+Cj0+Cj0+Cj0+Cj0+Cj0+Cj0+Cj0+Cj0+Cj0+Cj0+Cj0+Cj0+Cj0+Cj0+Cj0+Cj0+Cj0+Cj0+Cj0+Cj0+Cj0+Cj0+Cj0+Cj0+Cj0+Cj0+Cj0+Cj0+Cj0+Cj0+Cj0+Cj0+Cj0+Cj0+Cj0+Cj0+Cj0+Cj0+Cj0+Cj0+Cj0+Cj0+Cj0+Cj0+Cj0+Cj0+Cj0+Cj0+Cj0+Cj0+Cj0+Cj0+Cj0+Cj0+Cj0+Cj0+Cj0+Cj0+Cj0+Cj0+Cj0+Cj0+Cj0+Cj0+Cj0+Cj0+Cj0+Cj0+Cj0+Cj0+Cj0+Cj0+Cj0+Cj0+Cj0+Cj0+Cj0+Cj0+Cj0+Cj0+Cj0+Cj0+Cj0+Cj0+Cj0+Cj0+Cj0+Cj0+Cj0+Cj0+Cj0+Cj0+Cj0+Cj0+Cj0+Cj0+Cj0+Cj0+Cj0+Cj0+Cj0+Cj0+Cj0+Cj0+Cj0+Cj0+Cj0+Cj0+Cj0+Cj0+Cj0+Cj0+Cj0+Cj0+Cj0+Cj0+Cj0+Cj0+Cj0+Cj0+Cj0+Cj0+Cj0+Cj0+Cj0+Cj0+Cj0+Cj0+Cj0+Cj0+Cj0+Cj0+Cj0+Cj0+Cj0+Cj0+Cj0+Cj0+Cj0+Cj0+Cj0+Cj0+Cj0+Cj0+Cj0+Cj0+Cj0+Cj0+Cj0+Cj0+Cj0+Cj0+Cj0+Cj0+Cj0+Cj0+Cj0+Cj0+Cj0+Cj0+Cj0+Cj0+Cj0+Cj0+Cj0+Cj0+Cj0+Cj0+Cj0+Cj0+Cj0+Cj0+Cj0+Cj0+Cj0+Cj0+Cj0+Cj0+Cj0+Cj0+Cj0+Cj0+Cj0+Cj0+Cj0+Cj0+Cj0+Cj0+Cj0+Cj0+Cj0+Cj0+Cj0+Cj0+Cj0+Cj0+Cj0+Cj0+Cj0+Cj0+Cj0+Cj0+Cj0+Cj0+Cj0+Cj0+Cj0+Cj0+Cj0+Cj0+Cj0+Cj0+Cj0+Cj0+Cj0+Cj0+Cj0+Cj0+Cj0+Cj0+Cj0+Cj0+Cj0+Cj0+Cj0+Cj0+Cj0+Cj0+Cj0+Cj0+Cj0+Cj0+Cj0+Cj0+Cj0+Cj0+Cj0+Cj0+Cj0+Cj0+Cj0+Cj0+Cj0+Cj0+Cj0+Cj0+Cj0+Cj0+Cj0+Cj0+Cj0+Cj0+Cj0+Cj0+Cj0+Cj0+Cj0+Cj0+Cj0+Cj0+Cj0+Cj0+Cj0+Cj0+Cj0+Cj0+Cj0+Cj0+Cj0+Cj0+Cj0+Cj0+Cj0+Cj0+Cj0+Cj0+Cj0+Cj0+Cj0+Cj0+Cj0+Cj0+Cj0+Cj0+Cj0+Cj0+Cj0+Cj0+Cj0+Cj0+Cj0+Cj0+Cj0+Cj0+Cj0+Cj0+Cj0+Cj0+Cj0+Cj0+Cj0+Cj0+Cj0+Cj0+Cj0+Cj0+Cj0+Cj0+Cj0+Cj0+Cj0+Cj0+Cj0+Cj0+Cj0+Cj0+Cj0+Cj0+Cj0+Cj0+Cj0+Cj0+Cj0+Cj0+Cj0+Cj0+Cj0+Cj0+Cj0+Cj0+Cj0+Cj0+Cj0+Cj0+Cj0+Cj0+Cj0+Cj0+Cj0+Cj0+Cj0+Cj0+Cj0+Cj0+Cj0+Cj0+Cj0+Cj0+Cj0+Cj0+Cj0+Cj0+Cj0+Cj0+Cj0+Cj0+Cj0+Cj0+Cj0+Cj0+Cj0+Cj0+Cj0+Cj0+Cj0+Cj0+Cj0+Cj0+Cj0+Cj0+Cj0+Cj0+Cj0+Cj0+Cj0+Cj0+Cj0+Cj0+Cj0+Cj0+Cj0+Cj0+Cj0+Cj0+Cj0+Cj0+Cj0+Cj0+Cj0+Cj0+Cj0+Cj0+Cj0+Cj0+Cj0+Cj0+Cj0+Cj0+Cj0+Cj0+Cj0+Cj0+Cj0+Cj0+Cj0+Cj0+Cj0+Cj0+Cj0+Cj0+Cj0+Cj0+Cj0+Cj0+Cj0+Cj0+Cj0+Cj0+Cj0+Cj0+Cj0+Cj0+Cj0+Cj0+Cj0+Cj0+Cj0+Cj0+Cj0+Cj0+Cj0+Cj0+Cj0+Cj0+Cj0+Cj0+Cj0+Cj0+Cj0+Cj0+Cj0+Cj0+Cj0+Cj0+Cj0+Cj0+Cj0+Cj0+Cj0+Cj0+Cj0+Cj0+Cj0+Cj0+Cj0+Cj0+Cj0+Cj0+Cj0+Cj0+Cj0+Cj0+Cj0+Cj0+Cj0+Cj0+C